
Microsoft Visual Studio Solution File, Format Version 12.00
# Visual Studio Version 16
VisualStudioVersion = 16.0.31105.61
MinimumVisualStudioVersion = 10.0.40219.1
Project("{FAE04EC0-301F-11D3-BF4B-00C04F79EFBC}") = "backend", "backend.csproj", "{3FD4D5B7-619C-4B0D-BD0B-CE9A547ED605}"
EndProject
Global
	GlobalSection(SolutionConfigurationPlatforms) = preSolution
		Debug|Any CPU = Debug|Any CPU
		Release|Any CPU = Release|Any CPU
	EndGlobalSection
	GlobalSection(ProjectConfigurationPlatforms) = postSolution
		{3FD4D5B7-619C-4B0D-BD0B-CE9A547ED605}.Debug|Any CPU.ActiveCfg = Debug|Any CPU
		{3FD4D5B7-619C-4B0D-BD0B-CE9A547ED605}.Debug|Any CPU.Build.0 = Debug|Any CPU
		{3FD4D5B7-619C-4B0D-BD0B-CE9A547ED605}.Release|Any CPU.ActiveCfg = Release|Any CPU
		{3FD4D5B7-619C-4B0D-BD0B-CE9A547ED605}.Release|Any CPU.Build.0 = Release|Any CPU
	EndGlobalSection
	GlobalSection(SolutionProperties) = preSolution
		HideSolutionNode = FALSE
	EndGlobalSection
	GlobalSection(ExtensibilityGlobals) = postSolution
		SolutionGuid = {3692E5A9-DDBB-48DE-B7EC-4E539EDCC872}
	EndGlobalSection
EndGlobal
